// !$*UTF8*$!
{
	archiveVersion = 1;
	classes = {
	};
	objectVersion = 56;
	objects = {

/* Begin PBXBuildFile section */
		7C143CB72AC54DCC008C8207 /* AppDelegate.swift in Sources */ = {isa = PBXBuildFile; fileRef = 7C143CB62AC54DCC008C8207 /* AppDelegate.swift */; };
		7C143CB92AC54DCC008C8207 /* SceneDelegate.swift in Sources */ = {isa = PBXBuildFile; fileRef = 7C143CB82AC54DCC008C8207 /* SceneDelegate.swift */; };
		7C143CBB2AC54DCC008C8207 /* GatewayViewController.swift in Sources */ = {isa = PBXBuildFile; fileRef = 7C143CBA2AC54DCC008C8207 /* GatewayViewController.swift */; };
		7C143CC02AC54DCE008C8207 /* Assets.xcassets in Resources */ = {isa = PBXBuildFile; fileRef = 7C143CBF2AC54DCE008C8207 /* Assets.xcassets */; };
		7C143CCE2AC58DEC008C8207 /* GatewayViewModel.swift in Sources */ = {isa = PBXBuildFile; fileRef = 7C143CCD2AC58DEC008C8207 /* GatewayViewModel.swift */; };
		7C143CD22AC5E7E0008C8207 /* APIService.swift in Sources */ = {isa = PBXBuildFile; fileRef = 7C143CD12AC5E7E0008C8207 /* APIService.swift */; };
		7C143CD42AC5E838008C8207 /* DataModel.swift in Sources */ = {isa = PBXBuildFile; fileRef = 7C143CD32AC5E838008C8207 /* DataModel.swift */; };
		7C143CD62AC6049E008C8207 /* GatewayViewController+Helpers.swift in Sources */ = {isa = PBXBuildFile; fileRef = 7C143CD52AC6049E008C8207 /* GatewayViewController+Helpers.swift */; };
/* End PBXBuildFile section */

/* Begin PBXFileReference section */
		7C143CB32AC54DCC008C8207 /* SmallcaseGatewayAssignment.app */ = {isa = PBXFileReference; explicitFileType = wrapper.application; includeInIndex = 0; path = SmallcaseGatewayAssignment.app; sourceTree = BUILT_PRODUCTS_DIR; };
		7C143CB62AC54DCC008C8207 /* AppDelegate.swift */ = {isa = PBXFileReference; lastKnownFileType = sourcecode.swift; path = AppDelegate.swift; sourceTree = "<group>"; };
		7C143CB82AC54DCC008C8207 /* SceneDelegate.swift */ = {isa = PBXFileReference; lastKnownFileType = sourcecode.swift; path = SceneDelegate.swift; sourceTree = "<group>"; };
		7C143CBA2AC54DCC008C8207 /* GatewayViewController.swift */ = {isa = PBXFileReference; lastKnownFileType = sourcecode.swift; path = GatewayViewController.swift; sourceTree = "<group>"; };
		7C143CBF2AC54DCE008C8207 /* Assets.xcassets */ = {isa = PBXFileReference; lastKnownFileType = folder.assetcatalog; path = Assets.xcassets; sourceTree = "<group>"; };
		7C143CC42AC54DCE008C8207 /* Info.plist */ = {isa = PBXFileReference; lastKnownFileType = text.plist.xml; path = Info.plist; sourceTree = "<group>"; };
		7C143CCD2AC58DEC008C8207 /* GatewayViewModel.swift */ = {isa = PBXFileReference; lastKnownFileType = sourcecode.swift; path = GatewayViewModel.swift; sourceTree = "<group>"; };
		7C143CD12AC5E7E0008C8207 /* APIService.swift */ = {isa = PBXFileReference; lastKnownFileType = sourcecode.swift; path = APIService.swift; sourceTree = "<group>"; };
		7C143CD32AC5E838008C8207 /* DataModel.swift */ = {isa = PBXFileReference; lastKnownFileType = sourcecode.swift; path = DataModel.swift; sourceTree = "<group>"; };
		7C143CD52AC6049E008C8207 /* GatewayViewController+Helpers.swift */ = {isa = PBXFileReference; lastKnownFileType = sourcecode.swift; path = "GatewayViewController+Helpers.swift"; sourceTree = "<group>"; };
/* End PBXFileReference section */

/* Begin PBXFrameworksBuildPhase section */
		7C143CB02AC54DCC008C8207 /* Frameworks */ = {
			isa = PBXFrameworksBuildPhase;
			buildActionMask = 2147483647;
			files = (
			);
			runOnlyForDeploymentPostprocessing = 0;
		};
/* End PBXFrameworksBuildPhase section */

/* Begin PBXGroup section */
		7C143CAA2AC54DCB008C8207 = {
			isa = PBXGroup;
			children = (
				7C143CB52AC54DCC008C8207 /* SmallcaseGatewayAssignment */,
				7C143CB42AC54DCC008C8207 /* Products */,
			);
			sourceTree = "<group>";
		};
		7C143CB42AC54DCC008C8207 /* Products */ = {
			isa = PBXGroup;
			children = (
				7C143CB32AC54DCC008C8207 /* SmallcaseGatewayAssignment.app */,
			);
			name = Products;
			sourceTree = "<group>";
		};
		7C143CB52AC54DCC008C8207 /* SmallcaseGatewayAssignment */ = {
			isa = PBXGroup;
			children = (
				7C143CCB2AC567D1008C8207 /* Sources */,
				7C143CCA2AC567C4008C8207 /* Resources */,
			);
			path = SmallcaseGatewayAssignment;
			sourceTree = "<group>";
		};
		7C143CCA2AC567C4008C8207 /* Resources */ = {
			isa = PBXGroup;
			children = (
				7C143CBF2AC54DCE008C8207 /* Assets.xcassets */,
				7C143CC42AC54DCE008C8207 /* Info.plist */,
			);
			path = Resources;
			sourceTree = "<group>";
		};
		7C143CCB2AC567D1008C8207 /* Sources */ = {
			isa = PBXGroup;
			children = (
				7C143CCF2AC5E7C3008C8207 /* Services */,
				7C143CB62AC54DCC008C8207 /* AppDelegate.swift */,
				7C143CB82AC54DCC008C8207 /* SceneDelegate.swift */,
				7C143CCC2AC5689E008C8207 /* Gateway */,
			);
			path = Sources;
			sourceTree = "<group>";
		};
		7C143CCC2AC5689E008C8207 /* Gateway */ = {
			isa = PBXGroup;
			children = (
				7C143CBA2AC54DCC008C8207 /* GatewayViewController.swift */,
				7C143CCD2AC58DEC008C8207 /* GatewayViewModel.swift */,
				7C143CD32AC5E838008C8207 /* DataModel.swift */,
				7C143CD52AC6049E008C8207 /* GatewayViewController+Helpers.swift */,
			);
			path = Gateway;
			sourceTree = "<group>";
		};
		7C143CCF2AC5E7C3008C8207 /* Services */ = {
			isa = PBXGroup;
			children = (
				7C143CD02AC5E7CF008C8207 /* API Service */,
			);
			path = Services;
			sourceTree = "<group>";
		};
		7C143CD02AC5E7CF008C8207 /* API Service */ = {
			isa = PBXGroup;
			children = (
				7C143CD12AC5E7E0008C8207 /* APIService.swift */,
			);
			path = "API Service";
			sourceTree = "<group>";
		};
/* End PBXGroup section */

/* Begin PBXNativeTarget section */
		7C143CB22AC54DCC008C8207 /* SmallcaseGatewayAssignment */ = {
			isa = PBXNativeTarget;
			buildConfigurationList = 7C143CC72AC54DCE008C8207 /* Build configuration list for PBXNativeTarget "SmallcaseGatewayAssignment" */;
			buildPhases = (
				7C143CAF2AC54DCC008C8207 /* Sources */,
				7C143CB02AC54DCC008C8207 /* Frameworks */,
				7C143CB12AC54DCC008C8207 /* Resources */,
			);
			buildRules = (
			);
			dependencies = (
			);
			name = SmallcaseGatewayAssignment;
			productName = SmallcaseGatewayAssignment;
			productReference = 7C143CB32AC54DCC008C8207 /* SmallcaseGatewayAssignment.app */;
			productType = "com.apple.product-type.application";
		};
/* End PBXNativeTarget section */

/* Begin PBXProject section */
		7C143CAB2AC54DCB008C8207 /* Project object */ = {
			isa = PBXProject;
			attributes = {
				BuildIndependentTargetsInParallel = 1;
				LastSwiftUpdateCheck = 1420;
				LastUpgradeCheck = 1420;
				TargetAttributes = {
					7C143CB22AC54DCC008C8207 = {
						CreatedOnToolsVersion = 14.2;
					};
				};
			};
			buildConfigurationList = 7C143CAE2AC54DCB008C8207 /* Build configuration list for PBXProject "SmallcaseGatewayAssignment" */;
			compatibilityVersion = "Xcode 14.0";
			developmentRegion = en;
			hasScannedForEncodings = 0;
			knownRegions = (
				en,
				Base,
			);
			mainGroup = 7C143CAA2AC54DCB008C8207;
			productRefGroup = 7C143CB42AC54DCC008C8207 /* Products */;
			projectDirPath = "";
			projectRoot = "";
			targets = (
				7C143CB22AC54DCC008C8207 /* SmallcaseGatewayAssignment */,
			);
		};
/* End PBXProject section */

/* Begin PBXResourcesBuildPhase section */
		7C143CB12AC54DCC008C8207 /* Resources */ = {
			isa = PBXResourcesBuildPhase;
			buildActionMask = 2147483647;
			files = (
				7C143CC02AC54DCE008C8207 /* Assets.xcassets in Resources */,
			);
			runOnlyForDeploymentPostprocessing = 0;
		};
/* End PBXResourcesBuildPhase section */

/* Begin PBXSourcesBuildPhase section */
		7C143CAF2AC54DCC008C8207 /* Sources */ = {
			isa = PBXSourcesBuildPhase;
			buildActionMask = 2147483647;
			files = (
				7C143CBB2AC54DCC008C8207 /* GatewayViewController.swift in Sources */,
				7C143CD22AC5E7E0008C8207 /* APIService.swift in Sources */,
				7C143CB72AC54DCC008C8207 /* AppDelegate.swift in Sources */,
				7C143CCE2AC58DEC008C8207 /* GatewayViewModel.swift in Sources */,
				7C143CB92AC54DCC008C8207 /* SceneDelegate.swift in Sources */,
				7C143CD62AC6049E008C8207 /* GatewayViewController+Helpers.swift in Sources */,
				7C143CD42AC5E838008C8207 /* DataModel.swift in Sources */,
			);
			runOnlyForDeploymentPostprocessing = 0;
		};
/* End PBXSourcesBuildPhase section */

/* Begin XCBuildConfiguration section */
		7C143CC52AC54DCE008C8207 /* Debug */ = {
			isa = XCBuildConfiguration;
			buildSettings = {
				ALWAYS_SEARCH_USER_PATHS = NO;
				CLANG_ANALYZER_NONNULL = YES;
				CLANG_ANALYZER_NUMBER_OBJECT_CONVERSION = YES_AGGRESSIVE;
				CLANG_CXX_LANGUAGE_STANDARD = "gnu++20";
				CLANG_ENABLE_MODULES = YES;
				CLANG_ENABLE_OBJC_ARC = YES;
				CLANG_ENABLE_OBJC_WEAK = YES;
				CLANG_WARN_BLOCK_CAPTURE_AUTORELEASING = YES;
				CLANG_WARN_BOOL_CONVERSION = YES;
				CLANG_WARN_COMMA = YES;
				CLANG_WARN_CONSTANT_CONVERSION = YES;
				CLANG_WARN_DEPRECATED_OBJC_IMPLEMENTATIONS = YES;
				CLANG_WARN_DIRECT_OBJC_ISA_USAGE = YES_ERROR;
				CLANG_WARN_DOCUMENTATION_COMMENTS = YES;
				CLANG_WARN_EMPTY_BODY = YES;
				CLANG_WARN_ENUM_CONVERSION = YES;
				CLANG_WARN_INFINITE_RECURSION = YES;
				CLANG_WARN_INT_CONVERSION = YES;
				CLANG_WARN_NON_LITERAL_NULL_CONVERSION = YES;
				CLANG_WARN_OBJC_IMPLICIT_RETAIN_SELF = YES;
				CLANG_WARN_OBJC_LITERAL_CONVERSION = YES;
				CLANG_WARN_OBJC_ROOT_CLASS = YES_ERROR;
				CLANG_WARN_QUOTED_INCLUDE_IN_FRAMEWORK_HEADER = YES;
				CLANG_WARN_RANGE_LOOP_ANALYSIS = YES;
				CLANG_WARN_STRICT_PROTOTYPES = YES;
				CLANG_WARN_SUSPICIOUS_MOVE = YES;
				CLANG_WARN_UNGUARDED_AVAILABILITY = YES_AGGRESSIVE;
				CLANG_WARN_UNREACHABLE_CODE = YES;
				CLANG_WARN__DUPLICATE_METHOD_MATCH = YES;
				COPY_PHASE_STRIP = NO;
				DEBUG_INFORMATION_FORMAT = dwarf;
				ENABLE_STRICT_OBJC_MSGSEND = YES;
				ENABLE_TESTABILITY = YES;
				GCC_C_LANGUAGE_STANDARD = gnu11;
				GCC_DYNAMIC_NO_PIC = NO;
				GCC_NO_COMMON_BLOCKS = YES;
				GCC_OPTIMIZATION_LEVEL = 0;
				GCC_PREPROCESSOR_DEFINITIONS = (
					"DEBUG=1",
					"$(inherited)",
				);
				GCC_WARN_64_TO_32_BIT_CONVERSION = YES;
				GCC_WARN_ABOUT_RETURN_TYPE = YES_ERROR;
				GCC_WARN_UNDECLARED_SELECTOR = YES;
				GCC_WARN_UNINITIALIZED_AUTOS = YES_AGGRESSIVE;
				GCC_WARN_UNUSED_FUNCTION = YES;
				GCC_WARN_UNUSED_VARIABLE = YES;
				IPHONEOS_DEPLOYMENT_TARGET = 16.2;
				MTL_ENABLE_DEBUG_INFO = INCLUDE_SOURCE;
				MTL_FAST_MATH = YES;
				ONLY_ACTIVE_ARCH = YES;
				SDKROOT = iphoneos;
				SWIFT_ACTIVE_COMPILATION_CONDITIONS = DEBUG;
				SWIFT_OPTIMIZATION_LEVEL = "-Onone";
			};
			name = Debug;
		};
		7C143CC62AC54DCE008C8207 /* Release */ = {
			isa = XCBuildConfiguration;
			buildSettings = {
				ALWAYS_SEARCH_USER_PATHS = NO;
				CLANG_ANALYZER_NONNULL = YES;
				CLANG_ANALYZER_NUMBER_OBJECT_CONVERSION = YES_AGGRESSIVE;
				CLANG_CXX_LANGUAGE_STANDARD = "gnu++20";
				CLANG_ENABLE_MODULES = YES;
				CLANG_ENABLE_OBJC_ARC = YES;
				CLANG_ENABLE_OBJC_WEAK = YES;
				CLANG_WARN_BLOCK_CAPTURE_AUTORELEASING = YES;
				CLANG_WARN_BOOL_CONVERSION = YES;
				CLANG_WARN_COMMA = YES;
				CLANG_WARN_CONSTANT_CONVERSION = YES;
				CLANG_WARN_DEPRECATED_OBJC_IMPLEMENTATIONS = YES;
				CLANG_WARN_DIRECT_OBJC_ISA_USAGE = YES_ERROR;
				CLANG_WARN_DOCUMENTATION_COMMENTS = YES;
				CLANG_WARN_EMPTY_BODY = YES;
				CLANG_WARN_ENUM_CONVERSION = YES;
				CLANG_WARN_INFINITE_RECURSION = YES;
				CLANG_WARN_INT_CONVERSION = YES;
				CLANG_WARN_NON_LITERAL_NULL_CONVERSION = YES;
				CLANG_WARN_OBJC_IMPLICIT_RETAIN_SELF = YES;
				CLANG_WARN_OBJC_LITERAL_CONVERSION = YES;
				CLANG_WARN_OBJC_ROOT_CLASS = YES_ERROR;
				CLANG_WARN_QUOTED_INCLUDE_IN_FRAMEWORK_HEADER = YES;
				CLANG_WARN_RANGE_LOOP_ANALYSIS = YES;
				CLANG_WARN_STRICT_PROTOTYPES = YES;
				CLANG_WARN_SUSPICIOUS_MOVE = YES;
				CLANG_WARN_UNGUARDED_AVAILABILITY = YES_AGGRESSIVE;
				CLANG_WARN_UNREACHABLE_CODE = YES;
				CLANG_WARN__DUPLICATE_METHOD_MATCH = YES;
				COPY_PHASE_STRIP = NO;
				DEBUG_INFORMATION_FORMAT = "dwarf-with-dsym";
				ENABLE_NS_ASSERTIONS = NO;
				ENABLE_STRICT_OBJC_MSGSEND = YES;
				GCC_C_LANGUAGE_STANDARD = gnu11;
				GCC_NO_COMMON_BLOCKS = YES;
				GCC_WARN_64_TO_32_BIT_CONVERSION = YES;
				GCC_WARN_ABOUT_RETURN_TYPE = YES_ERROR;
				GCC_WARN_UNDECLARED_SELECTOR = YES;
				GCC_WARN_UNINITIALIZED_AUTOS = YES_AGGRESSIVE;
				GCC_WARN_UNUSED_FUNCTION = YES;
				GCC_WARN_UNUSED_VARIABLE = YES;
				IPHONEOS_DEPLOYMENT_TARGET = 16.2;
				MTL_ENABLE_DEBUG_INFO = NO;
				MTL_FAST_MATH = YES;
				SDKROOT = iphoneos;
				SWIFT_COMPILATION_MODE = wholemodule;
				SWIFT_OPTIMIZATION_LEVEL = "-O";
				VALIDATE_PRODUCT = YES;
			};
			name = Release;
		};
		7C143CC82AC54DCE008C8207 /* Debug */ = {
			isa = XCBuildConfiguration;
			buildSettings = {
				ASSETCATALOG_COMPILER_APPICON_NAME = AppIcon;
				ASSETCATALOG_COMPILER_GLOBAL_ACCENT_COLOR_NAME = AccentColor;
				CODE_SIGN_STYLE = Automatic;
				CURRENT_PROJECT_VERSION = 1;
				DEVELOPMENT_TEAM = 8FJPU4SM32;
				GENERATE_INFOPLIST_FILE = YES;
				INFOPLIST_FILE = SmallcaseGatewayAssignment/Resources/Info.plist;
				INFOPLIST_KEY_UIApplicationSupportsIndirectInputEvents = YES;
				INFOPLIST_KEY_UILaunchStoryboardName = LaunchScreen;
				INFOPLIST_KEY_UISupportedInterfaceOrientations_iPad = "UIInterfaceOrientationPortrait UIInterfaceOrientationPortraitUpsideDown UIInterfaceOrientationLandscapeLeft UIInterfaceOrientationLandscapeRight";
				INFOPLIST_KEY_UISupportedInterfaceOrientations_iPhone = "UIInterfaceOrientationPortrait UIInterfaceOrientationLandscapeLeft UIInterfaceOrientationLandscapeRight";
				IPHONEOS_DEPLOYMENT_TARGET = 14.0;
				LD_RUNPATH_SEARCH_PATHS = (
					"$(inherited)",
					"@executable_path/Frameworks",
				);
				MARKETING_VERSION = 1.0;
				PRODUCT_BUNDLE_IDENTIFIER = com.ios.SmallcaseGatewayAssignment;
				PRODUCT_NAME = "$(TARGET_NAME)";
				SUPPORTED_PLATFORMS = "iphoneos iphonesimulator";
				SUPPORTS_MACCATALYST = NO;
				SUPPORTS_MAC_DESIGNED_FOR_IPHONE_IPAD = NO;
				SWIFT_EMIT_LOC_STRINGS = YES;
				SWIFT_VERSION = 5.0;
				TARGETED_DEVICE_FAMILY = 1;
			};
			name = Debug;
		};
		7C143CC92AC54DCE008C8207 /* Release */ = {
			isa = XCBuildConfiguration;
			buildSettings = {
				ASSETCATALOG_COMPILER_APPICON_NAME = AppIcon;
				ASSETCATALOG_COMPILER_GLOBAL_ACCENT_COLOR_NAME = AccentColor;
				CODE_SIGN_STYLE = Automatic;
				CURRENT_PROJECT_VERSION = 1;
				DEVELOPMENT_TEAM = 8FJPU4SM32;
				GENERATE_INFOPLIST_FILE = YES;
				INFOPLIST_FILE = SmallcaseGatewayAssignment/Resources/Info.plist;
				INFOPLIST_KEY_UIApplicationSupportsIndirectInputEvents = YES;
				INFOPLIST_KEY_UILaunchStoryboardName = LaunchScreen;
				INFOPLIST_KEY_UISupportedInterfaceOrientations_iPad = "UIInterfaceOrientationPortrait UIInterfaceOrientationPortraitUpsideDown UIInterfaceOrientationLandscapeLeft UIInterfaceOrientationLandscapeRight";
				INFOPLIST_KEY_UISupportedInterfaceOrientations_iPhone = "UIInterfaceOrientationPortrait UIInterfaceOrientationLandscapeLeft UIInterfaceOrientationLandscapeRight";
				IPHONEOS_DEPLOYMENT_TARGET = 14.0;
				LD_RUNPATH_SEARCH_PATHS = (
					"$(inherited)",
					"@executable_path/Frameworks",
				);
				MARKETING_VERSION = 1.0;
				PRODUCT_BUNDLE_IDENTIFIER = com.ios.SmallcaseGatewayAssignment;
				PRODUCT_NAME = "$(TARGET_NAME)";
				SUPPORTED_PLATFORMS = "iphoneos iphonesimulator";
				SUPPORTS_MACCATALYST = NO;
				SUPPORTS_MAC_DESIGNED_FOR_IPHONE_IPAD = NO;
				SWIFT_EMIT_LOC_STRINGS = YES;
				SWIFT_VERSION = 5.0;
				TARGETED_DEVICE_FAMILY = 1;
			};
			name = Release;
		};
/* End XCBuildConfiguration section */

/* Begin XCConfigurationList section */
		7C143CAE2AC54DCB008C8207 /* Build configuration list for PBXProject "SmallcaseGatewayAssignment" */ = {
			isa = XCConfigurationList;
			buildConfigurations = (
				7C143CC52AC54DCE008C8207 /* Debug */,
				7C143CC62AC54DCE008C8207 /* Release */,
			);
			defaultConfigurationIsVisible = 0;
			defaultConfigurationName = Release;
		};
		7C143CC72AC54DCE008C8207 /* Build configuration list for PBXNativeTarget "SmallcaseGatewayAssignment" */ = {
			isa = XCConfigurationList;
			buildConfigurations = (
				7C143CC82AC54DCE008C8207 /* Debug */,
				7C143CC92AC54DCE008C8207 /* Release */,
			);
			defaultConfigurationIsVisible = 0;
			defaultConfigurationName = Release;
		};
/* End XCConfigurationList section */
	};
	rootObject = 7C143CAB2AC54DCB008C8207 /* Project object */;
}
